// !$*UTF8*$!
{
	archiveVersion = 1;
	classes = {
	};
	objectVersion = 50;
	objects = {

/* Begin PBXBuildFile section */
		56BCC9892137CBE100A24160 /* main.m in Sources */ = {isa = PBXBuildFile; fileRef = 56BCC9882137CBE100A24160 /* main.m */; };
		56BCC9912137CBF000A24160 /* HPPerson.m in Sources */ = {isa = PBXBuildFile; fileRef = 56BCC9902137CBF000A24160 /* HPPerson.m */; };
		56BCC9942137CBFC00A24160 /* HPStudent.m in Sources */ = {isa = PBXBuildFile; fileRef = 56BCC9932137CBFC00A24160 /* HPStudent.m */; };
		56BCC9982137CCB600A24160 /* HPClassTool.m in Sources */ = {isa = PBXBuildFile; fileRef = 56BCC9972137CCB600A24160 /* HPClassTool.m */; };
/* End PBXBuildFile section */

/* Begin PBXCopyFilesBuildPhase section */
		56BCC9832137CBE100A24160 /* CopyFiles */ = {
			isa = PBXCopyFilesBuildPhase;
			buildActionMask = 2147483647;
			dstPath = /usr/share/man/man1/;
			dstSubfolderSpec = 0;
			files = (
			);
			runOnlyForDeploymentPostprocessing = 1;
		};
/* End PBXCopyFilesBuildPhase section */

/* Begin PBXFileReference section */
		56BCC9852137CBE100A24160 /* HPClassTool */ = {isa = PBXFileReference; explicitFileType = "compiled.mach-o.executable"; includeInIndex = 0; path = HPClassTool; sourceTree = BUILT_PRODUCTS_DIR; };
		56BCC9882137CBE100A24160 /* main.m */ = {isa = PBXFileReference; lastKnownFileType = sourcecode.c.objc; path = main.m; sourceTree = "<group>"; };
		56BCC98F2137CBF000A24160 /* HPPerson.h */ = {isa = PBXFileReference; lastKnownFileType = sourcecode.c.h; path = HPPerson.h; sourceTree = "<group>"; };
		56BCC9902137CBF000A24160 /* HPPerson.m */ = {isa = PBXFileReference; lastKnownFileType = sourcecode.c.objc; path = HPPerson.m; sourceTree = "<group>"; };
		56BCC9922137CBFC00A24160 /* HPStudent.h */ = {isa = PBXFileReference; lastKnownFileType = sourcecode.c.h; path = HPStudent.h; sourceTree = "<group>"; };
		56BCC9932137CBFC00A24160 /* HPStudent.m */ = {isa = PBXFileReference; lastKnownFileType = sourcecode.c.objc; path = HPStudent.m; sourceTree = "<group>"; };
		56BCC9962137CCB600A24160 /* HPClassTool.h */ = {isa = PBXFileReference; lastKnownFileType = sourcecode.c.h; path = HPClassTool.h; sourceTree = "<group>"; };
		56BCC9972137CCB600A24160 /* HPClassTool.m */ = {isa = PBXFileReference; lastKnownFileType = sourcecode.c.objc; path = HPClassTool.m; sourceTree = "<group>"; };
/* End PBXFileReference section */

/* Begin PBXFrameworksBuildPhase section */
		56BCC9822137CBE100A24160 /* Frameworks */ = {
			isa = PBXFrameworksBuildPhase;
			buildActionMask = 2147483647;
			files = (
			);
			runOnlyForDeploymentPostprocessing = 0;
		};
/* End PBXFrameworksBuildPhase section */

/* Begin PBXGroup section */
		56BCC97C2137CBE100A24160 = {
			isa = PBXGroup;
			children = (
				56BCC9872137CBE100A24160 /* HPClassTool */,
				56BCC9862137CBE100A24160 /* Products */,
			);
			sourceTree = "<group>";
		};
		56BCC9862137CBE100A24160 /* Products */ = {
			isa = PBXGroup;
			children = (
				56BCC9852137CBE100A24160 /* HPClassTool */,
			);
			name = Products;
			sourceTree = "<group>";
		};
		56BCC9872137CBE100A24160 /* HPClassTool */ = {
			isa = PBXGroup;
			children = (
				56BCC9952137CCA900A24160 /* HPClassTool */,
				56BCC9882137CBE100A24160 /* main.m */,
				56BCC98F2137CBF000A24160 /* HPPerson.h */,
				56BCC9902137CBF000A24160 /* HPPerson.m */,
				56BCC9922137CBFC00A24160 /* HPStudent.h */,
				56BCC9932137CBFC00A24160 /* HPStudent.m */,
			);
			path = HPClassTool;
			sourceTree = "<group>";
		};
		56BCC9952137CCA900A24160 /* HPClassTool */ = {
			isa = PBXGroup;
			children = (
				56BCC9962137CCB600A24160 /* HPClassTool.h */,
				56BCC9972137CCB600A24160 /* HPClassTool.m */,
			);
			path = HPClassTool;
			sourceTree = "<group>";
		};
/* End PBXGroup section */

/* Begin PBXNativeTarget section */
		56BCC9842137CBE100A24160 /* HPClassTool */ = {
			isa = PBXNativeTarget;
			buildConfigurationList = 56BCC98C2137CBE100A24160 /* Build configuration list for PBXNativeTarget "HPClassTool" */;
			buildPhases = (
				56BCC9812137CBE100A24160 /* Sources */,
				56BCC9822137CBE100A24160 /* Frameworks */,
				56BCC9832137CBE100A24160 /* CopyFiles */,
			);
			buildRules = (
			);
			dependencies = (
			);
			name = HPClassTool;
			productName = HPClassTool;
			productReference = 56BCC9852137CBE100A24160 /* HPClassTool */;
			productType = "com.apple.product-type.tool";
		};
/* End PBXNativeTarget section */

/* Begin PBXProject section */
		56BCC97D2137CBE100A24160 /* Project object */ = {
			isa = PBXProject;
			attributes = {
				LastUpgradeCheck = 0940;
				ORGANIZATIONNAME = "王辉平";
				TargetAttributes = {
					56BCC9842137CBE100A24160 = {
						CreatedOnToolsVersion = 9.4.1;
					};
				};
			};
			buildConfigurationList = 56BCC9802137CBE100A24160 /* Build configuration list for PBXProject "HPClassTool" */;
			compatibilityVersion = "Xcode 9.3";
			developmentRegion = en;
			hasScannedForEncodings = 0;
			knownRegions = (
				en,
			);
			mainGroup = 56BCC97C2137CBE100A24160;
			productRefGroup = 56BCC9862137CBE100A24160 /* Products */;
			projectDirPath = "";
			projectRoot = "";
			targets = (
				56BCC9842137CBE100A24160 /* HPClassTool */,
			);
		};
/* End PBXProject section */

/* Begin PBXSourcesBuildPhase section */
		56BCC9812137CBE100A24160 /* Sources */ = {
			isa = PBXSourcesBuildPhase;
			buildActionMask = 2147483647;
			files = (
				56BCC9982137CCB600A24160 /* HPClassTool.m in Sources */,
				56BCC9912137CBF000A24160 /* HPPerson.m in Sources */,
				56BCC9942137CBFC00A24160 /* HPStudent.m in Sources */,
				56BCC9892137CBE100A24160 /* main.m in Sources */,
			);
			runOnlyForDeploymentPostprocessing = 0;
		};
/* End PBXSourcesBuildPhase section */

/* Begin XCBuildConfiguration section */
		56BCC98A2137CBE100A24160 /* Debug */ = {
			isa = XCBuildConfiguration;
			buildSettings = {
				ALWAYS_SEARCH_USER_PATHS = NO;
				CLANG_ANALYZER_NONNULL = YES;
				CLANG_ANALYZER_NUMBER_OBJECT_CONVERSION = YES_AGGRESSIVE;
				CLANG_CXX_LANGUAGE_STANDARD = "gnu++14";
				CLANG_CXX_LIBRARY = "libc++";
				CLANG_ENABLE_MODULES = YES;
				CLANG_ENABLE_OBJC_ARC = YES;
				CLANG_ENABLE_OBJC_WEAK = YES;
				CLANG_WARN_BLOCK_CAPTURE_AUTORELEASING = YES;
				CLANG_WARN_BOOL_CONVERSION = YES;
				CLANG_WARN_COMMA = YES;
				CLANG_WARN_CONSTANT_CONVERSION = YES;
				CLANG_WARN_DEPRECATED_OBJC_IMPLEMENTATIONS = YES;
				CLANG_WARN_DIRECT_OBJC_ISA_USAGE = YES_ERROR;
				CLANG_WARN_DOCUMENTATION_COMMENTS = YES;
				CLANG_WARN_EMPTY_BODY = YES;
				CLANG_WARN_ENUM_CONVERSION = YES;
				CLANG_WARN_INFINITE_RECURSION = YES;
				CLANG_WARN_INT_CONVERSION = YES;
				CLANG_WARN_NON_LITERAL_NULL_CONVERSION = YES;
				CLANG_WARN_OBJC_IMPLICIT_RETAIN_SELF = YES;
				CLANG_WARN_OBJC_LITERAL_CONVERSION = YES;
				CLANG_WARN_OBJC_ROOT_CLASS = YES_ERROR;
				CLANG_WARN_RANGE_LOOP_ANALYSIS = YES;
				CLANG_WARN_STRICT_PROTOTYPES = YES;
				CLANG_WARN_SUSPICIOUS_MOVE = YES;
				CLANG_WARN_UNGUARDED_AVAILABILITY = YES_AGGRESSIVE;
				CLANG_WARN_UNREACHABLE_CODE = YES;
				CLANG_WARN__DUPLICATE_METHOD_MATCH = YES;
				CODE_SIGN_IDENTITY = "-";
				COPY_PHASE_STRIP = NO;
				DEBUG_INFORMATION_FORMAT = dwarf;
				ENABLE_STRICT_OBJC_MSGSEND = YES;
				ENABLE_TESTABILITY = YES;
				GCC_C_LANGUAGE_STANDARD = gnu11;
				GCC_DYNAMIC_NO_PIC = NO;
				GCC_NO_COMMON_BLOCKS = YES;
				GCC_OPTIMIZATION_LEVEL = 0;
				GCC_PREPROCESSOR_DEFINITIONS = (
					"DEBUG=1",
					"$(inherited)",
				);
				GCC_WARN_64_TO_32_BIT_CONVERSION = YES;
				GCC_WARN_ABOUT_RETURN_TYPE = YES_ERROR;
				GCC_WARN_UNDECLARED_SELECTOR = YES;
				GCC_WARN_UNINITIALIZED_AUTOS = YES_AGGRESSIVE;
				GCC_WARN_UNUSED_FUNCTION = YES;
				GCC_WARN_UNUSED_VARIABLE = YES;
				MACOSX_DEPLOYMENT_TARGET = 10.13;
				MTL_ENABLE_DEBUG_INFO = YES;
				ONLY_ACTIVE_ARCH = YES;
				SDKROOT = macosx;
			};
			name = Debug;
		};
		56BCC98B2137CBE100A24160 /* Release */ = {
			isa = XCBuildConfiguration;
			buildSettings = {
				ALWAYS_SEARCH_USER_PATHS = NO;
				CLANG_ANALYZER_NONNULL = YES;
				CLANG_ANALYZER_NUMBER_OBJECT_CONVERSION = YES_AGGRESSIVE;
				CLANG_CXX_LANGUAGE_STANDARD = "gnu++14";
				CLANG_CXX_LIBRARY = "libc++";
				CLANG_ENABLE_MODULES = YES;
				CLANG_ENABLE_OBJC_ARC = YES;
				CLANG_ENABLE_OBJC_WEAK = YES;
				CLANG_WARN_BLOCK_CAPTURE_AUTORELEASING = YES;
				CLANG_WARN_BOOL_CONVERSION = YES;
				CLANG_WARN_COMMA = YES;
				CLANG_WARN_CONSTANT_CONVERSION = YES;
				CLANG_WARN_DEPRECATED_OBJC_IMPLEMENTATIONS = YES;
				CLANG_WARN_DIRECT_OBJC_ISA_USAGE = YES_ERROR;
				CLANG_WARN_DOCUMENTATION_COMMENTS = YES;
				CLANG_WARN_EMPTY_BODY = YES;
				CLANG_WARN_ENUM_CONVERSION = YES;
				CLANG_WARN_INFINITE_RECURSION = YES;
				CLANG_WARN_INT_CONVERSION = YES;
				CLANG_WARN_NON_LITERAL_NULL_CONVERSION = YES;
				CLANG_WARN_OBJC_IMPLICIT_RETAIN_SELF = YES;
				CLANG_WARN_OBJC_LITERAL_CONVERSION = YES;
				CLANG_WARN_OBJC_ROOT_CLASS = YES_ERROR;
				CLANG_WARN_RANGE_LOOP_ANALYSIS = YES;
				CLANG_WARN_STRICT_PROTOTYPES = YES;
				CLANG_WARN_SUSPICIOUS_MOVE = YES;
				CLANG_WARN_UNGUARDED_AVAILABILITY = YES_AGGRESSIVE;
				CLANG_WARN_UNREACHABLE_CODE = YES;
				CLANG_WARN__DUPLICATE_METHOD_MATCH = YES;
				CODE_SIGN_IDENTITY = "-";
				COPY_PHASE_STRIP = NO;
				DEBUG_INFORMATION_FORMAT = "dwarf-with-dsym";
				ENABLE_NS_ASSERTIONS = NO;
				ENABLE_STRICT_OBJC_MSGSEND = YES;
				GCC_C_LANGUAGE_STANDARD = gnu11;
				GCC_NO_COMMON_BLOCKS = YES;
				GCC_WARN_64_TO_32_BIT_CONVERSION = YES;
				GCC_WARN_ABOUT_RETURN_TYPE = YES_ERROR;
				GCC_WARN_UNDECLARED_SELECTOR = YES;
				GCC_WARN_UNINITIALIZED_AUTOS = YES_AGGRESSIVE;
				GCC_WARN_UNUSED_FUNCTION = YES;
				GCC_WARN_UNUSED_VARIABLE = YES;
				MACOSX_DEPLOYMENT_TARGET = 10.13;
				MTL_ENABLE_DEBUG_INFO = NO;
				SDKROOT = macosx;
			};
			name = Release;
		};
		56BCC98D2137CBE100A24160 /* Debug */ = {
			isa = XCBuildConfiguration;
			buildSettings = {
				CODE_SIGN_STYLE = Automatic;
				PRODUCT_NAME = "$(TARGET_NAME)";
			};
			name = Debug;
		};
		56BCC98E2137CBE100A24160 /* Release */ = {
			isa = XCBuildConfiguration;
			buildSettings = {
				CODE_SIGN_STYLE = Automatic;
				PRODUCT_NAME = "$(TARGET_NAME)";
			};
			name = Release;
		};
/* End XCBuildConfiguration section */

/* Begin XCConfigurationList section */
		56BCC9802137CBE100A24160 /* Build configuration list for PBXProject "HPClassTool" */ = {
			isa = XCConfigurationList;
			buildConfigurations = (
				56BCC98A2137CBE100A24160 /* Debug */,
				56BCC98B2137CBE100A24160 /* Release */,
			);
			defaultConfigurationIsVisible = 0;
			defaultConfigurationName = Release;
		};
		56BCC98C2137CBE100A24160 /* Build configuration list for PBXNativeTarget "HPClassTool" */ = {
			isa = XCConfigurationList;
			buildConfigurations = (
				56BCC98D2137CBE100A24160 /* Debug */,
				56BCC98E2137CBE100A24160 /* Release */,
			);
			defaultConfigurationIsVisible = 0;
			defaultConfigurationName = Release;
		};
/* End XCConfigurationList section */
	};
	rootObject = 56BCC97D2137CBE100A24160 /* Project object */;
}
